
Microsoft Visual Studio Solution File, Format Version 12.00
# Visual Studio Version 17
VisualStudioVersion = 17.9.34902.65
MinimumVisualStudioVersion = 10.0.40219.1
Project("{FAE04EC0-301F-11D3-BF4B-00C04F79EFBC}") = "QuickStart.ConsoleApp", "QuickStart.ConsoleApp\QuickStart.ConsoleApp.csproj", "{7674D70E-102E-40AF-8782-D29F4DA41F83}"
EndProject
Global
	GlobalSection(SolutionConfigurationPlatforms) = preSolution
		Debug|Any CPU = Debug|Any CPU
		Release|Any CPU = Release|Any CPU
	EndGlobalSection
	GlobalSection(ProjectConfigurationPlatforms) = postSolution
		{7674D70E-102E-40AF-8782-D29F4DA41F83}.Debug|Any CPU.ActiveCfg = Debug|Any CPU
		{7674D70E-102E-40AF-8782-D29F4DA41F83}.Debug|Any CPU.Build.0 = Debug|Any CPU
		{7674D70E-102E-40AF-8782-D29F4DA41F83}.Release|Any CPU.ActiveCfg = Release|Any CPU
		{7674D70E-102E-40AF-8782-D29F4DA41F83}.Release|Any CPU.Build.0 = Release|Any CPU
	EndGlobalSection
	GlobalSection(SolutionProperties) = preSolution
		HideSolutionNode = FALSE
	EndGlobalSection
	GlobalSection(ExtensibilityGlobals) = postSolution
		SolutionGuid = {D50B8C20-492A-4525-B2BF-B3BFB7F7E1C8}
	EndGlobalSection
EndGlobal
